
Microsoft Visual Studio Solution File, Format Version 10.00
# Visual Studio 2008
Project("{8BC9CEB8-8B4A-11D0-8D11-00A0C91BC942}") = "InjectExp", "InjectExp.vcproj", "{163358FF-C6C9-4449-9CA9-0B73366EF1A0}"
EndProject
Global
	GlobalSection(SolutionConfigurationPlatforms) = preSolution
		Debug|Win32 = Debug|Win32
		Release|Win32 = Release|Win32
	EndGlobalSection
	GlobalSection(ProjectConfigurationPlatforms) = postSolution
		{163358FF-C6C9-4449-9CA9-0B73366EF1A0}.Debug|Win32.ActiveCfg = debug|Win32
		{163358FF-C6C9-4449-9CA9-0B73366EF1A0}.Debug|Win32.Build.0 = debug|Win32
		{163358FF-C6C9-4449-9CA9-0B73366EF1A0}.Release|Win32.ActiveCfg = release|Win32
		{163358FF-C6C9-4449-9CA9-0B73366EF1A0}.Release|Win32.Build.0 = release|Win32
	EndGlobalSection
	GlobalSection(SolutionProperties) = preSolution
		HideSolutionNode = FALSE
	EndGlobalSection
EndGlobal
