
Microsoft Visual Studio Solution File, Format Version 10.00
# Visual Studio 2008
Project("{8BC9CEB8-8B4A-11D0-8D11-00A0C91BC942}") = "NLSE", "NLSE.vcproj", "{EE9AD6D2-3260-49D3-B8AF-A224E3D1206D}"
EndProject
Global
	GlobalSection(SolutionConfigurationPlatforms) = preSolution
		Debug|Win32 = Debug|Win32
		Release|Win32 = Release|Win32
	EndGlobalSection
	GlobalSection(ProjectConfigurationPlatforms) = postSolution
		{EE9AD6D2-3260-49D3-B8AF-A224E3D1206D}.Debug|Win32.ActiveCfg = Debug|Win32
		{EE9AD6D2-3260-49D3-B8AF-A224E3D1206D}.Debug|Win32.Build.0 = Debug|Win32
		{EE9AD6D2-3260-49D3-B8AF-A224E3D1206D}.Release|Win32.ActiveCfg = Release|Win32
		{EE9AD6D2-3260-49D3-B8AF-A224E3D1206D}.Release|Win32.Build.0 = Release|Win32
	EndGlobalSection
	GlobalSection(SolutionProperties) = preSolution
		HideSolutionNode = FALSE
	EndGlobalSection
EndGlobal
