<?xml version="1.0" encoding="utf-8"?>
<Project ToolsVersion="4.0" xmlns="http://schemas.microsoft.com/developer/msbuild/2003">
  <ItemGroup>
    <Filter Include="Source Files">
      <UniqueIdentifier>{4FC737F1-C7A5-4376-A066-2A32D752A2FF}</UniqueIdentifier>
      <Extensions>cpp;c;cc;cxx;def;odl;idl;hpj;bat;asm;asmx</Extensions>
    </Filter>
    <Filter Include="Header Files">
      <UniqueIdentifier>{93995380-89BD-4b04-88EB-625FBE52EBFB}</UniqueIdentifier>
      <Extensions>h;hpp;hxx;hm;inl;inc;xsd</Extensions>
    </Filter>
    <Filter Include="Resource Files">
      <UniqueIdentifier>{67DA6AB6-F800-4c08-8B7A-83BB121AAD01}</UniqueIdentifier>
      <Extensions>rc;ico;cur;bmp;dlg;rc2;rct;bin;rgs;gif;jpg;jpeg;jpe;resx;tiff;tif;png;wav;mfcribbon-ms</Extensions>
    </Filter>
  </ItemGroup>
  <ItemGroup>
    <ClInclude Include="include\commonutils.hpp">
      <Filter>Header Files</Filter>
    </ClInclude>
    <ClInclude Include="include\funcsignatures.hpp">
      <Filter>Header Files</Filter>
    </ClInclude>
    <ClInclude Include="include\basepep.h">
      <Filter>Header Files</Filter>
    </ClInclude>
    <ClInclude Include="include\runtimecontext.h">
      <Filter>Header Files</Filter>
    </ClInclude>
    <ClInclude Include="include\baseeventprovidercontext.h">
      <Filter>Header Files</Filter>
    </ClInclude>
    <ClInclude Include="include\genericcontext.h">
      <Filter>Header Files</Filter>
    </ClInclude>
    <ClInclude Include="include\shellexplorercontext.h">
      <Filter>Header Files</Filter>
    </ClInclude>
    <ClInclude Include="include\eventhander.h">
      <Filter>Header Files</Filter>
    </ClInclude>
    <ClInclude Include="include\eventparser.h">
      <Filter>Header Files</Filter>
    </ClInclude>
    <ClInclude Include="include\contentstorage.h">
      <Filter>Header Files</Filter>
    </ClInclude>
    <ClInclude Include="include\fileoperationdlg.h">
      <Filter>Header Files</Filter>
    </ClInclude>
    <ClInclude Include="include\droptargetproxy.h">
      <Filter>Header Files</Filter>
    </ClInclude>
    <ClInclude Include="include\oledragndrop.h">
      <Filter>Header Files</Filter>
    </ClInclude>
    <ClInclude Include="include\iecontext.h">
      <Filter>Header Files</Filter>
    </ClInclude>
  </ItemGroup>
  <ItemGroup>
    <ClCompile Include="src\dllmain.cpp">
      <Filter>Source Files</Filter>
    </ClCompile>
    <ClCompile Include="src\basepep.cpp">
      <Filter>Source Files</Filter>
    </ClCompile>
    <ClCompile Include="src\runtimecontext.cpp">
      <Filter>Source Files</Filter>
    </ClCompile>
    <ClCompile Include="src\baseeventprovidercontext.cpp">
      <Filter>Source Files</Filter>
    </ClCompile>
    <ClCompile Include="src\genericcontext.cpp">
      <Filter>Source Files</Filter>
    </ClCompile>
    <ClCompile Include="src\shellexplorercontext.cpp">
      <Filter>Source Files</Filter>
    </ClCompile>
    <ClCompile Include="src\commonutils.cpp">
      <Filter>Source Files</Filter>
    </ClCompile>
    <ClCompile Include="src\eventhander.cpp">
      <Filter>Source Files</Filter>
    </ClCompile>
    <ClCompile Include="src\eventparser.cpp">
      <Filter>Source Files</Filter>
    </ClCompile>
    <ClCompile Include="src\contentstorage.cpp">
      <Filter>Source Files</Filter>
    </ClCompile>
    <ClCompile Include="src\fileoperationdlg.cpp">
      <Filter>Source Files</Filter>
    </ClCompile>
    <ClCompile Include="src\droptargetproxy.cpp">
      <Filter>Source Files</Filter>
    </ClCompile>
    <ClCompile Include="src\iecontext.cpp">
      <Filter>Source Files</Filter>
    </ClCompile>
  </ItemGroup>
  <ItemGroup>
    <None Include="ClassDiagram2.cd" />
  </ItemGroup>
</Project>