
Microsoft Visual Studio Solution File, Format Version 10.00
# Visual Studio 2008
Project("{8BC9CEB8-8B4A-11D0-8D11-00A0C91BC942}") = "msoPEP", "msoPEP.vcproj", "{535AD75C-C487-418A-89C1-54FF39BE33F4}"
EndProject
Project("{8BC9CEB8-8B4A-11D0-8D11-00A0C91BC942}") = "WindowBlocker", "WindowBlocker\WindowBlocker.vcproj", "{19CF48CF-1F86-407D-B584-336127B41EA1}"
EndProject
Project("{8BC9CEB8-8B4A-11D0-8D11-00A0C91BC942}") = "adaptercomm", "adaptercomm\adaptercomm.vcproj", "{142EA7DA-B930-4A88-8E43-4F223B7999D4}"
EndProject
Project("{8BC9CEB8-8B4A-11D0-8D11-00A0C91BC942}") = "adaptermanager", "adaptermanager\adaptermanager.vcproj", "{CAE1DC66-95D5-4368-AB1D-FE9BA19BAB94}"
	ProjectSection(ProjectDependencies) = postProject
		{142EA7DA-B930-4A88-8E43-4F223B7999D4} = {142EA7DA-B930-4A88-8E43-4F223B7999D4}
	EndProjectSection
EndProject
Project("{8BC9CEB8-8B4A-11D0-8D11-00A0C91BC942}") = "approvaladapter", "approvaladapter\approvaladapter.vcproj", "{CCB8BC7A-ABC1-45FA-8EB1-6FDD80215C84}"
EndProject
Project("{8BC9CEB8-8B4A-11D0-8D11-00A0C91BC942}") = "EFTAdhoc", "StripAttachment\EFTAdhoc\EFTAdhoc.vcproj", "{070FA8B3-BAB3-42F4-B86F-841E06FAF240}"
EndProject
Project("{8BC9CEB8-8B4A-11D0-8D11-00A0C91BC942}") = "fsadapter", "StripAttachment\fsadapter\fsadapter.vcproj", "{15B3993E-EBB1-4572-8AC5-97F5EE356111}"
EndProject
Project("{8BC9CEB8-8B4A-11D0-8D11-00A0C91BC942}") = "ftpadapter", "StripAttachment\ftpadapter\ftpadapter.vcproj", "{2004983F-8FF4-424C-A338-A55FFA2A6BCE}"
EndProject
Project("{8BC9CEB8-8B4A-11D0-8D11-00A0C91BC942}") = "ftpcli", "StripAttachment\ftpcli\ftpcli.vcproj", "{AE48EED1-E6EF-4642-B685-189A25ABCA8F}"
EndProject
Global
	GlobalSection(SolutionConfigurationPlatforms) = preSolution
		2k10Debug|Win32 = 2k10Debug|Win32
		2k10Debug|x64 = 2k10Debug|x64
		2k10Release|Win32 = 2k10Release|Win32
		2k10Release|x64 = 2k10Release|x64
		2k13Debug|Win32 = 2k13Debug|Win32
		2k13Debug|x64 = 2k13Debug|x64
		2k13Release|Win32 = 2k13Release|Win32
		2k13Release|x64 = 2k13Release|x64
		2k16Debug|Win32 = 2k16Debug|Win32
		2k16Debug|x64 = 2k16Debug|x64
		2k16Release|Win32 = 2k16Release|Win32
		2k16Release|x64 = 2k16Release|x64
		2K3Debug|Win32 = 2K3Debug|Win32
		2K3Debug|x64 = 2K3Debug|x64
		2K3Release|Win32 = 2K3Release|Win32
		2K3Release|x64 = 2K3Release|x64
		2K7Debug|Win32 = 2K7Debug|Win32
		2K7Debug|x64 = 2K7Debug|x64
		2K7Release|Win32 = 2K7Release|Win32
		2K7Release|x64 = 2K7Release|x64
		Debug|Win32 = Debug|Win32
		Debug|x64 = Debug|x64
		Release|Win32 = Release|Win32
		Release|x64 = Release|x64
	EndGlobalSection
	GlobalSection(ProjectConfigurationPlatforms) = postSolution
		{535AD75C-C487-418A-89C1-54FF39BE33F4}.2k10Debug|Win32.ActiveCfg = 2k10Debug|Win32
		{535AD75C-C487-418A-89C1-54FF39BE33F4}.2k10Debug|Win32.Build.0 = 2k10Debug|Win32
		{535AD75C-C487-418A-89C1-54FF39BE33F4}.2k10Debug|x64.ActiveCfg = 2k10Debug|x64
		{535AD75C-C487-418A-89C1-54FF39BE33F4}.2k10Debug|x64.Build.0 = 2k10Debug|x64
		{535AD75C-C487-418A-89C1-54FF39BE33F4}.2k10Release|Win32.ActiveCfg = 2k10Release|Win32
		{535AD75C-C487-418A-89C1-54FF39BE33F4}.2k10Release|Win32.Build.0 = 2k10Release|Win32
		{535AD75C-C487-418A-89C1-54FF39BE33F4}.2k10Release|x64.ActiveCfg = 2k10Release|x64
		{535AD75C-C487-418A-89C1-54FF39BE33F4}.2k10Release|x64.Build.0 = 2k10Release|x64
		{535AD75C-C487-418A-89C1-54FF39BE33F4}.2k13Debug|Win32.ActiveCfg = 2k13Debug|Win32
		{535AD75C-C487-418A-89C1-54FF39BE33F4}.2k13Debug|Win32.Build.0 = 2k13Debug|Win32
		{535AD75C-C487-418A-89C1-54FF39BE33F4}.2k13Debug|x64.ActiveCfg = 2K3Release|x64
		{535AD75C-C487-418A-89C1-54FF39BE33F4}.2k13Debug|x64.Build.0 = 2K3Release|x64
		{535AD75C-C487-418A-89C1-54FF39BE33F4}.2k13Release|Win32.ActiveCfg = 2k13Release|Win32
		{535AD75C-C487-418A-89C1-54FF39BE33F4}.2k13Release|Win32.Build.0 = 2k13Release|Win32
		{535AD75C-C487-418A-89C1-54FF39BE33F4}.2k13Release|x64.ActiveCfg = 2k13Release|x64
		{535AD75C-C487-418A-89C1-54FF39BE33F4}.2k13Release|x64.Build.0 = 2k13Release|x64
		{535AD75C-C487-418A-89C1-54FF39BE33F4}.2k16Debug|Win32.ActiveCfg = 2k16Debug|Win32
		{535AD75C-C487-418A-89C1-54FF39BE33F4}.2k16Debug|Win32.Build.0 = 2k16Debug|Win32
		{535AD75C-C487-418A-89C1-54FF39BE33F4}.2k16Debug|x64.ActiveCfg = 2k16Debug|x64
		{535AD75C-C487-418A-89C1-54FF39BE33F4}.2k16Debug|x64.Build.0 = 2k16Debug|x64
		{535AD75C-C487-418A-89C1-54FF39BE33F4}.2k16Release|Win32.ActiveCfg = 2k16Release|Win32
		{535AD75C-C487-418A-89C1-54FF39BE33F4}.2k16Release|Win32.Build.0 = 2k16Release|Win32
		{535AD75C-C487-418A-89C1-54FF39BE33F4}.2k16Release|x64.ActiveCfg = 2k16Release|x64
		{535AD75C-C487-418A-89C1-54FF39BE33F4}.2k16Release|x64.Build.0 = 2k16Release|x64
		{535AD75C-C487-418A-89C1-54FF39BE33F4}.2K3Debug|Win32.ActiveCfg = 2K3Debug|Win32
		{535AD75C-C487-418A-89C1-54FF39BE33F4}.2K3Debug|Win32.Build.0 = 2K3Debug|Win32
		{535AD75C-C487-418A-89C1-54FF39BE33F4}.2K3Debug|x64.ActiveCfg = 2K3Debug|x64
		{535AD75C-C487-418A-89C1-54FF39BE33F4}.2K3Debug|x64.Build.0 = 2K3Debug|x64
		{535AD75C-C487-418A-89C1-54FF39BE33F4}.2K3Release|Win32.ActiveCfg = 2K3Release|Win32
		{535AD75C-C487-418A-89C1-54FF39BE33F4}.2K3Release|Win32.Build.0 = 2K3Release|Win32
		{535AD75C-C487-418A-89C1-54FF39BE33F4}.2K3Release|x64.ActiveCfg = 2K3Release|x64
		{535AD75C-C487-418A-89C1-54FF39BE33F4}.2K3Release|x64.Build.0 = 2K3Release|x64
		{535AD75C-C487-418A-89C1-54FF39BE33F4}.2K7Debug|Win32.ActiveCfg = 2K7Debug|Win32
		{535AD75C-C487-418A-89C1-54FF39BE33F4}.2K7Debug|Win32.Build.0 = 2K7Debug|Win32
		{535AD75C-C487-418A-89C1-54FF39BE33F4}.2K7Debug|x64.ActiveCfg = 2K7Debug|x64
		{535AD75C-C487-418A-89C1-54FF39BE33F4}.2K7Debug|x64.Build.0 = 2K7Debug|x64
		{535AD75C-C487-418A-89C1-54FF39BE33F4}.2K7Release|Win32.ActiveCfg = 2K7Release|Win32
		{535AD75C-C487-418A-89C1-54FF39BE33F4}.2K7Release|Win32.Build.0 = 2K7Release|Win32
		{535AD75C-C487-418A-89C1-54FF39BE33F4}.2K7Release|x64.ActiveCfg = 2K7Release|x64
		{535AD75C-C487-418A-89C1-54FF39BE33F4}.2K7Release|x64.Build.0 = 2K7Release|x64
		{535AD75C-C487-418A-89C1-54FF39BE33F4}.Debug|Win32.ActiveCfg = 2K3Debug|Win32
		{535AD75C-C487-418A-89C1-54FF39BE33F4}.Debug|Win32.Build.0 = 2K3Debug|Win32
		{535AD75C-C487-418A-89C1-54FF39BE33F4}.Debug|x64.ActiveCfg = 2k10Debug|x64
		{535AD75C-C487-418A-89C1-54FF39BE33F4}.Debug|x64.Build.0 = 2k10Debug|x64
		{535AD75C-C487-418A-89C1-54FF39BE33F4}.Release|Win32.ActiveCfg = 2K3Release|Win32
		{535AD75C-C487-418A-89C1-54FF39BE33F4}.Release|Win32.Build.0 = 2K3Release|Win32
		{535AD75C-C487-418A-89C1-54FF39BE33F4}.Release|x64.ActiveCfg = 2k10Release|x64
		{535AD75C-C487-418A-89C1-54FF39BE33F4}.Release|x64.Build.0 = 2k10Release|x64
		{19CF48CF-1F86-407D-B584-336127B41EA1}.2k10Debug|Win32.ActiveCfg = Debug|Win32
		{19CF48CF-1F86-407D-B584-336127B41EA1}.2k10Debug|Win32.Build.0 = Debug|Win32
		{19CF48CF-1F86-407D-B584-336127B41EA1}.2k10Debug|x64.ActiveCfg = Debug|Win32
		{19CF48CF-1F86-407D-B584-336127B41EA1}.2k10Release|Win32.ActiveCfg = Release|Win32
		{19CF48CF-1F86-407D-B584-336127B41EA1}.2k10Release|Win32.Build.0 = Release|Win32
		{19CF48CF-1F86-407D-B584-336127B41EA1}.2k10Release|x64.ActiveCfg = Release|Win32
		{19CF48CF-1F86-407D-B584-336127B41EA1}.2k13Debug|Win32.ActiveCfg = Debug|Win32
		{19CF48CF-1F86-407D-B584-336127B41EA1}.2k13Debug|Win32.Build.0 = Debug|Win32
		{19CF48CF-1F86-407D-B584-336127B41EA1}.2k13Debug|x64.ActiveCfg = Debug|Win32
		{19CF48CF-1F86-407D-B584-336127B41EA1}.2k13Release|Win32.ActiveCfg = Release|Win32
		{19CF48CF-1F86-407D-B584-336127B41EA1}.2k13Release|Win32.Build.0 = Release|Win32
		{19CF48CF-1F86-407D-B584-336127B41EA1}.2k13Release|x64.ActiveCfg = Release|Win32
		{19CF48CF-1F86-407D-B584-336127B41EA1}.2k16Debug|Win32.ActiveCfg = Debug|Win32
		{19CF48CF-1F86-407D-B584-336127B41EA1}.2k16Debug|Win32.Build.0 = Debug|Win32
		{19CF48CF-1F86-407D-B584-336127B41EA1}.2k16Debug|x64.ActiveCfg = Debug|Win32
		{19CF48CF-1F86-407D-B584-336127B41EA1}.2k16Release|Win32.ActiveCfg = Release|Win32
		{19CF48CF-1F86-407D-B584-336127B41EA1}.2k16Release|Win32.Build.0 = Release|Win32
		{19CF48CF-1F86-407D-B584-336127B41EA1}.2k16Release|x64.ActiveCfg = Release|Win32
		{19CF48CF-1F86-407D-B584-336127B41EA1}.2K3Debug|Win32.ActiveCfg = Debug|Win32
		{19CF48CF-1F86-407D-B584-336127B41EA1}.2K3Debug|Win32.Build.0 = Debug|Win32
		{19CF48CF-1F86-407D-B584-336127B41EA1}.2K3Debug|x64.ActiveCfg = Debug|Win32
		{19CF48CF-1F86-407D-B584-336127B41EA1}.2K3Release|Win32.ActiveCfg = Release|Win32
		{19CF48CF-1F86-407D-B584-336127B41EA1}.2K3Release|Win32.Build.0 = Release|Win32
		{19CF48CF-1F86-407D-B584-336127B41EA1}.2K3Release|x64.ActiveCfg = Release|Win32
		{19CF48CF-1F86-407D-B584-336127B41EA1}.2K7Debug|Win32.ActiveCfg = Debug|Win32
		{19CF48CF-1F86-407D-B584-336127B41EA1}.2K7Debug|Win32.Build.0 = Debug|Win32
		{19CF48CF-1F86-407D-B584-336127B41EA1}.2K7Debug|x64.ActiveCfg = Debug|Win32
		{19CF48CF-1F86-407D-B584-336127B41EA1}.2K7Release|Win32.ActiveCfg = Release|Win32
		{19CF48CF-1F86-407D-B584-336127B41EA1}.2K7Release|Win32.Build.0 = Release|Win32
		{19CF48CF-1F86-407D-B584-336127B41EA1}.2K7Release|x64.ActiveCfg = Release|Win32
		{19CF48CF-1F86-407D-B584-336127B41EA1}.Debug|Win32.ActiveCfg = Debug|Win32
		{19CF48CF-1F86-407D-B584-336127B41EA1}.Debug|Win32.Build.0 = Debug|Win32
		{19CF48CF-1F86-407D-B584-336127B41EA1}.Debug|x64.ActiveCfg = Debug|Win32
		{19CF48CF-1F86-407D-B584-336127B41EA1}.Release|Win32.ActiveCfg = Release|Win32
		{19CF48CF-1F86-407D-B584-336127B41EA1}.Release|Win32.Build.0 = Release|Win32
		{19CF48CF-1F86-407D-B584-336127B41EA1}.Release|x64.ActiveCfg = Release|Win32
		{142EA7DA-B930-4A88-8E43-4F223B7999D4}.2k10Debug|Win32.ActiveCfg = Debug|Win32
		{142EA7DA-B930-4A88-8E43-4F223B7999D4}.2k10Debug|Win32.Build.0 = Debug|Win32
		{142EA7DA-B930-4A88-8E43-4F223B7999D4}.2k10Debug|x64.ActiveCfg = Debug|x64
		{142EA7DA-B930-4A88-8E43-4F223B7999D4}.2k10Debug|x64.Build.0 = Debug|x64
		{142EA7DA-B930-4A88-8E43-4F223B7999D4}.2k10Release|Win32.ActiveCfg = Release|Win32
		{142EA7DA-B930-4A88-8E43-4F223B7999D4}.2k10Release|Win32.Build.0 = Release|Win32
		{142EA7DA-B930-4A88-8E43-4F223B7999D4}.2k10Release|x64.ActiveCfg = Release|x64
		{142EA7DA-B930-4A88-8E43-4F223B7999D4}.2k10Release|x64.Build.0 = Release|x64
		{142EA7DA-B930-4A88-8E43-4F223B7999D4}.2k13Debug|Win32.ActiveCfg = Debug|Win32
		{142EA7DA-B930-4A88-8E43-4F223B7999D4}.2k13Debug|Win32.Build.0 = Debug|Win32
		{142EA7DA-B930-4A88-8E43-4F223B7999D4}.2k13Debug|x64.ActiveCfg = Debug|x64
		{142EA7DA-B930-4A88-8E43-4F223B7999D4}.2k13Debug|x64.Build.0 = Debug|x64
		{142EA7DA-B930-4A88-8E43-4F223B7999D4}.2k13Release|Win32.ActiveCfg = Release|Win32
		{142EA7DA-B930-4A88-8E43-4F223B7999D4}.2k13Release|Win32.Build.0 = Release|Win32
		{142EA7DA-B930-4A88-8E43-4F223B7999D4}.2k13Release|x64.ActiveCfg = Release|x64
		{142EA7DA-B930-4A88-8E43-4F223B7999D4}.2k13Release|x64.Build.0 = Release|x64
		{142EA7DA-B930-4A88-8E43-4F223B7999D4}.2k16Debug|Win32.ActiveCfg = Debug|Win32
		{142EA7DA-B930-4A88-8E43-4F223B7999D4}.2k16Debug|Win32.Build.0 = Debug|Win32
		{142EA7DA-B930-4A88-8E43-4F223B7999D4}.2k16Debug|x64.ActiveCfg = Debug|x64
		{142EA7DA-B930-4A88-8E43-4F223B7999D4}.2k16Debug|x64.Build.0 = Debug|x64
		{142EA7DA-B930-4A88-8E43-4F223B7999D4}.2k16Release|Win32.ActiveCfg = Release|Win32
		{142EA7DA-B930-4A88-8E43-4F223B7999D4}.2k16Release|Win32.Build.0 = Release|Win32
		{142EA7DA-B930-4A88-8E43-4F223B7999D4}.2k16Release|x64.ActiveCfg = Release|x64
		{142EA7DA-B930-4A88-8E43-4F223B7999D4}.2k16Release|x64.Build.0 = Release|x64
		{142EA7DA-B930-4A88-8E43-4F223B7999D4}.2K3Debug|Win32.ActiveCfg = Debug|Win32
		{142EA7DA-B930-4A88-8E43-4F223B7999D4}.2K3Debug|Win32.Build.0 = Debug|Win32
		{142EA7DA-B930-4A88-8E43-4F223B7999D4}.2K3Debug|x64.ActiveCfg = Debug|x64
		{142EA7DA-B930-4A88-8E43-4F223B7999D4}.2K3Debug|x64.Build.0 = Debug|x64
		{142EA7DA-B930-4A88-8E43-4F223B7999D4}.2K3Release|Win32.ActiveCfg = Release|Win32
		{142EA7DA-B930-4A88-8E43-4F223B7999D4}.2K3Release|Win32.Build.0 = Release|Win32
		{142EA7DA-B930-4A88-8E43-4F223B7999D4}.2K3Release|x64.ActiveCfg = Release|x64
		{142EA7DA-B930-4A88-8E43-4F223B7999D4}.2K3Release|x64.Build.0 = Release|x64
		{142EA7DA-B930-4A88-8E43-4F223B7999D4}.2K7Debug|Win32.ActiveCfg = Debug|Win32
		{142EA7DA-B930-4A88-8E43-4F223B7999D4}.2K7Debug|Win32.Build.0 = Debug|Win32
		{142EA7DA-B930-4A88-8E43-4F223B7999D4}.2K7Debug|x64.ActiveCfg = Debug|x64
		{142EA7DA-B930-4A88-8E43-4F223B7999D4}.2K7Debug|x64.Build.0 = Debug|x64
		{142EA7DA-B930-4A88-8E43-4F223B7999D4}.2K7Release|Win32.ActiveCfg = Release|Win32
		{142EA7DA-B930-4A88-8E43-4F223B7999D4}.2K7Release|Win32.Build.0 = Release|Win32
		{142EA7DA-B930-4A88-8E43-4F223B7999D4}.2K7Release|x64.ActiveCfg = Release|x64
		{142EA7DA-B930-4A88-8E43-4F223B7999D4}.2K7Release|x64.Build.0 = Release|x64
		{142EA7DA-B930-4A88-8E43-4F223B7999D4}.Debug|Win32.ActiveCfg = Debug|Win32
		{142EA7DA-B930-4A88-8E43-4F223B7999D4}.Debug|Win32.Build.0 = Debug|Win32
		{142EA7DA-B930-4A88-8E43-4F223B7999D4}.Debug|x64.ActiveCfg = Debug|x64
		{142EA7DA-B930-4A88-8E43-4F223B7999D4}.Debug|x64.Build.0 = Debug|x64
		{142EA7DA-B930-4A88-8E43-4F223B7999D4}.Release|Win32.ActiveCfg = Release|Win32
		{142EA7DA-B930-4A88-8E43-4F223B7999D4}.Release|Win32.Build.0 = Release|Win32
		{142EA7DA-B930-4A88-8E43-4F223B7999D4}.Release|x64.ActiveCfg = Release|x64
		{142EA7DA-B930-4A88-8E43-4F223B7999D4}.Release|x64.Build.0 = Release|x64
		{CAE1DC66-95D5-4368-AB1D-FE9BA19BAB94}.2k10Debug|Win32.ActiveCfg = Debug|Win32
		{CAE1DC66-95D5-4368-AB1D-FE9BA19BAB94}.2k10Debug|Win32.Build.0 = Debug|Win32
		{CAE1DC66-95D5-4368-AB1D-FE9BA19BAB94}.2k10Debug|x64.ActiveCfg = Debug|x64
		{CAE1DC66-95D5-4368-AB1D-FE9BA19BAB94}.2k10Debug|x64.Build.0 = Debug|x64
		{CAE1DC66-95D5-4368-AB1D-FE9BA19BAB94}.2k10Release|Win32.ActiveCfg = Release|Win32
		{CAE1DC66-95D5-4368-AB1D-FE9BA19BAB94}.2k10Release|Win32.Build.0 = Release|Win32
		{CAE1DC66-95D5-4368-AB1D-FE9BA19BAB94}.2k10Release|x64.ActiveCfg = Release|x64
		{CAE1DC66-95D5-4368-AB1D-FE9BA19BAB94}.2k10Release|x64.Build.0 = Release|x64
		{CAE1DC66-95D5-4368-AB1D-FE9BA19BAB94}.2k13Debug|Win32.ActiveCfg = Debug|Win32
		{CAE1DC66-95D5-4368-AB1D-FE9BA19BAB94}.2k13Debug|Win32.Build.0 = Debug|Win32
		{CAE1DC66-95D5-4368-AB1D-FE9BA19BAB94}.2k13Debug|x64.ActiveCfg = Debug|x64
		{CAE1DC66-95D5-4368-AB1D-FE9BA19BAB94}.2k13Debug|x64.Build.0 = Debug|x64
		{CAE1DC66-95D5-4368-AB1D-FE9BA19BAB94}.2k13Release|Win32.ActiveCfg = Release|Win32
		{CAE1DC66-95D5-4368-AB1D-FE9BA19BAB94}.2k13Release|Win32.Build.0 = Release|Win32
		{CAE1DC66-95D5-4368-AB1D-FE9BA19BAB94}.2k13Release|x64.ActiveCfg = Release|x64
		{CAE1DC66-95D5-4368-AB1D-FE9BA19BAB94}.2k13Release|x64.Build.0 = Release|x64
		{CAE1DC66-95D5-4368-AB1D-FE9BA19BAB94}.2k16Debug|Win32.ActiveCfg = Debug|Win32
		{CAE1DC66-95D5-4368-AB1D-FE9BA19BAB94}.2k16Debug|Win32.Build.0 = Debug|Win32
		{CAE1DC66-95D5-4368-AB1D-FE9BA19BAB94}.2k16Debug|x64.ActiveCfg = Debug|x64
		{CAE1DC66-95D5-4368-AB1D-FE9BA19BAB94}.2k16Debug|x64.Build.0 = Debug|x64
		{CAE1DC66-95D5-4368-AB1D-FE9BA19BAB94}.2k16Release|Win32.ActiveCfg = Release|Win32
		{CAE1DC66-95D5-4368-AB1D-FE9BA19BAB94}.2k16Release|Win32.Build.0 = Release|Win32
		{CAE1DC66-95D5-4368-AB1D-FE9BA19BAB94}.2k16Release|x64.ActiveCfg = Release|x64
		{CAE1DC66-95D5-4368-AB1D-FE9BA19BAB94}.2k16Release|x64.Build.0 = Release|x64
		{CAE1DC66-95D5-4368-AB1D-FE9BA19BAB94}.2K3Debug|Win32.ActiveCfg = Debug|Win32
		{CAE1DC66-95D5-4368-AB1D-FE9BA19BAB94}.2K3Debug|Win32.Build.0 = Debug|Win32
		{CAE1DC66-95D5-4368-AB1D-FE9BA19BAB94}.2K3Debug|x64.ActiveCfg = Debug|x64
		{CAE1DC66-95D5-4368-AB1D-FE9BA19BAB94}.2K3Debug|x64.Build.0 = Debug|x64
		{CAE1DC66-95D5-4368-AB1D-FE9BA19BAB94}.2K3Release|Win32.ActiveCfg = Release|Win32
		{CAE1DC66-95D5-4368-AB1D-FE9BA19BAB94}.2K3Release|Win32.Build.0 = Release|Win32
		{CAE1DC66-95D5-4368-AB1D-FE9BA19BAB94}.2K3Release|x64.ActiveCfg = Release|x64
		{CAE1DC66-95D5-4368-AB1D-FE9BA19BAB94}.2K3Release|x64.Build.0 = Release|x64
		{CAE1DC66-95D5-4368-AB1D-FE9BA19BAB94}.2K7Debug|Win32.ActiveCfg = Debug|Win32
		{CAE1DC66-95D5-4368-AB1D-FE9BA19BAB94}.2K7Debug|Win32.Build.0 = Debug|Win32
		{CAE1DC66-95D5-4368-AB1D-FE9BA19BAB94}.2K7Debug|x64.ActiveCfg = Debug|x64
		{CAE1DC66-95D5-4368-AB1D-FE9BA19BAB94}.2K7Debug|x64.Build.0 = Debug|x64
		{CAE1DC66-95D5-4368-AB1D-FE9BA19BAB94}.2K7Release|Win32.ActiveCfg = Release|Win32
		{CAE1DC66-95D5-4368-AB1D-FE9BA19BAB94}.2K7Release|Win32.Build.0 = Release|Win32
		{CAE1DC66-95D5-4368-AB1D-FE9BA19BAB94}.2K7Release|x64.ActiveCfg = Release|x64
		{CAE1DC66-95D5-4368-AB1D-FE9BA19BAB94}.2K7Release|x64.Build.0 = Release|x64
		{CAE1DC66-95D5-4368-AB1D-FE9BA19BAB94}.Debug|Win32.ActiveCfg = Debug|Win32
		{CAE1DC66-95D5-4368-AB1D-FE9BA19BAB94}.Debug|Win32.Build.0 = Debug|Win32
		{CAE1DC66-95D5-4368-AB1D-FE9BA19BAB94}.Debug|x64.ActiveCfg = Debug|x64
		{CAE1DC66-95D5-4368-AB1D-FE9BA19BAB94}.Debug|x64.Build.0 = Debug|x64
		{CAE1DC66-95D5-4368-AB1D-FE9BA19BAB94}.Release|Win32.ActiveCfg = Release|Win32
		{CAE1DC66-95D5-4368-AB1D-FE9BA19BAB94}.Release|Win32.Build.0 = Release|Win32
		{CAE1DC66-95D5-4368-AB1D-FE9BA19BAB94}.Release|x64.ActiveCfg = Release|x64
		{CAE1DC66-95D5-4368-AB1D-FE9BA19BAB94}.Release|x64.Build.0 = Release|x64
		{CCB8BC7A-ABC1-45FA-8EB1-6FDD80215C84}.2k10Debug|Win32.ActiveCfg = Debug|Win32
		{CCB8BC7A-ABC1-45FA-8EB1-6FDD80215C84}.2k10Debug|Win32.Build.0 = Debug|Win32
		{CCB8BC7A-ABC1-45FA-8EB1-6FDD80215C84}.2k10Debug|x64.ActiveCfg = Debug|x64
		{CCB8BC7A-ABC1-45FA-8EB1-6FDD80215C84}.2k10Debug|x64.Build.0 = Debug|x64
		{CCB8BC7A-ABC1-45FA-8EB1-6FDD80215C84}.2k10Release|Win32.ActiveCfg = Release|Win32
		{CCB8BC7A-ABC1-45FA-8EB1-6FDD80215C84}.2k10Release|Win32.Build.0 = Release|Win32
		{CCB8BC7A-ABC1-45FA-8EB1-6FDD80215C84}.2k10Release|x64.ActiveCfg = Release|x64
		{CCB8BC7A-ABC1-45FA-8EB1-6FDD80215C84}.2k10Release|x64.Build.0 = Release|x64
		{CCB8BC7A-ABC1-45FA-8EB1-6FDD80215C84}.2k13Debug|Win32.ActiveCfg = Debug|Win32
		{CCB8BC7A-ABC1-45FA-8EB1-6FDD80215C84}.2k13Debug|Win32.Build.0 = Debug|Win32
		{CCB8BC7A-ABC1-45FA-8EB1-6FDD80215C84}.2k13Debug|x64.ActiveCfg = Debug|x64
		{CCB8BC7A-ABC1-45FA-8EB1-6FDD80215C84}.2k13Debug|x64.Build.0 = Debug|x64
		{CCB8BC7A-ABC1-45FA-8EB1-6FDD80215C84}.2k13Release|Win32.ActiveCfg = Release|Win32
		{CCB8BC7A-ABC1-45FA-8EB1-6FDD80215C84}.2k13Release|Win32.Build.0 = Release|Win32
		{CCB8BC7A-ABC1-45FA-8EB1-6FDD80215C84}.2k13Release|x64.ActiveCfg = Release|x64
		{CCB8BC7A-ABC1-45FA-8EB1-6FDD80215C84}.2k13Release|x64.Build.0 = Release|x64
		{CCB8BC7A-ABC1-45FA-8EB1-6FDD80215C84}.2k16Debug|Win32.ActiveCfg = Debug|Win32
		{CCB8BC7A-ABC1-45FA-8EB1-6FDD80215C84}.2k16Debug|Win32.Build.0 = Debug|Win32
		{CCB8BC7A-ABC1-45FA-8EB1-6FDD80215C84}.2k16Debug|x64.ActiveCfg = Debug|x64
		{CCB8BC7A-ABC1-45FA-8EB1-6FDD80215C84}.2k16Debug|x64.Build.0 = Debug|x64
		{CCB8BC7A-ABC1-45FA-8EB1-6FDD80215C84}.2k16Release|Win32.ActiveCfg = Release|Win32
		{CCB8BC7A-ABC1-45FA-8EB1-6FDD80215C84}.2k16Release|Win32.Build.0 = Release|Win32
		{CCB8BC7A-ABC1-45FA-8EB1-6FDD80215C84}.2k16Release|x64.ActiveCfg = Release|x64
		{CCB8BC7A-ABC1-45FA-8EB1-6FDD80215C84}.2k16Release|x64.Build.0 = Release|x64
		{CCB8BC7A-ABC1-45FA-8EB1-6FDD80215C84}.2K3Debug|Win32.ActiveCfg = Debug|Win32
		{CCB8BC7A-ABC1-45FA-8EB1-6FDD80215C84}.2K3Debug|Win32.Build.0 = Debug|Win32
		{CCB8BC7A-ABC1-45FA-8EB1-6FDD80215C84}.2K3Debug|x64.ActiveCfg = Debug|x64
		{CCB8BC7A-ABC1-45FA-8EB1-6FDD80215C84}.2K3Debug|x64.Build.0 = Debug|x64
		{CCB8BC7A-ABC1-45FA-8EB1-6FDD80215C84}.2K3Release|Win32.ActiveCfg = Release|Win32
		{CCB8BC7A-ABC1-45FA-8EB1-6FDD80215C84}.2K3Release|Win32.Build.0 = Release|Win32
		{CCB8BC7A-ABC1-45FA-8EB1-6FDD80215C84}.2K3Release|x64.ActiveCfg = Release|x64
		{CCB8BC7A-ABC1-45FA-8EB1-6FDD80215C84}.2K3Release|x64.Build.0 = Release|x64
		{CCB8BC7A-ABC1-45FA-8EB1-6FDD80215C84}.2K7Debug|Win32.ActiveCfg = Debug|Win32
		{CCB8BC7A-ABC1-45FA-8EB1-6FDD80215C84}.2K7Debug|Win32.Build.0 = Debug|Win32
		{CCB8BC7A-ABC1-45FA-8EB1-6FDD80215C84}.2K7Debug|x64.ActiveCfg = Debug|x64
		{CCB8BC7A-ABC1-45FA-8EB1-6FDD80215C84}.2K7Debug|x64.Build.0 = Debug|x64
		{CCB8BC7A-ABC1-45FA-8EB1-6FDD80215C84}.2K7Release|Win32.ActiveCfg = Release|Win32
		{CCB8BC7A-ABC1-45FA-8EB1-6FDD80215C84}.2K7Release|Win32.Build.0 = Release|Win32
		{CCB8BC7A-ABC1-45FA-8EB1-6FDD80215C84}.2K7Release|x64.ActiveCfg = Release|x64
		{CCB8BC7A-ABC1-45FA-8EB1-6FDD80215C84}.2K7Release|x64.Build.0 = Release|x64
		{CCB8BC7A-ABC1-45FA-8EB1-6FDD80215C84}.Debug|Win32.ActiveCfg = Debug|Win32
		{CCB8BC7A-ABC1-45FA-8EB1-6FDD80215C84}.Debug|Win32.Build.0 = Debug|Win32
		{CCB8BC7A-ABC1-45FA-8EB1-6FDD80215C84}.Debug|x64.ActiveCfg = Debug|x64
		{CCB8BC7A-ABC1-45FA-8EB1-6FDD80215C84}.Debug|x64.Build.0 = Debug|x64
		{CCB8BC7A-ABC1-45FA-8EB1-6FDD80215C84}.Release|Win32.ActiveCfg = Release|Win32
		{CCB8BC7A-ABC1-45FA-8EB1-6FDD80215C84}.Release|Win32.Build.0 = Release|Win32
		{CCB8BC7A-ABC1-45FA-8EB1-6FDD80215C84}.Release|x64.ActiveCfg = Release|x64
		{CCB8BC7A-ABC1-45FA-8EB1-6FDD80215C84}.Release|x64.Build.0 = Release|x64
		{070FA8B3-BAB3-42F4-B86F-841E06FAF240}.2k10Debug|Win32.ActiveCfg = Debug|Win32
		{070FA8B3-BAB3-42F4-B86F-841E06FAF240}.2k10Debug|Win32.Build.0 = Debug|Win32
		{070FA8B3-BAB3-42F4-B86F-841E06FAF240}.2k10Debug|x64.ActiveCfg = Debug|x64
		{070FA8B3-BAB3-42F4-B86F-841E06FAF240}.2k10Debug|x64.Build.0 = Debug|x64
		{070FA8B3-BAB3-42F4-B86F-841E06FAF240}.2k10Release|Win32.ActiveCfg = Release|Win32
		{070FA8B3-BAB3-42F4-B86F-841E06FAF240}.2k10Release|Win32.Build.0 = Release|Win32
		{070FA8B3-BAB3-42F4-B86F-841E06FAF240}.2k10Release|x64.ActiveCfg = Release|x64
		{070FA8B3-BAB3-42F4-B86F-841E06FAF240}.2k10Release|x64.Build.0 = Release|x64
		{070FA8B3-BAB3-42F4-B86F-841E06FAF240}.2k13Debug|Win32.ActiveCfg = Debug|Win32
		{070FA8B3-BAB3-42F4-B86F-841E06FAF240}.2k13Debug|Win32.Build.0 = Debug|Win32
		{070FA8B3-BAB3-42F4-B86F-841E06FAF240}.2k13Debug|x64.ActiveCfg = Debug|x64
		{070FA8B3-BAB3-42F4-B86F-841E06FAF240}.2k13Debug|x64.Build.0 = Debug|x64
		{070FA8B3-BAB3-42F4-B86F-841E06FAF240}.2k13Release|Win32.ActiveCfg = Release|Win32
		{070FA8B3-BAB3-42F4-B86F-841E06FAF240}.2k13Release|Win32.Build.0 = Release|Win32
		{070FA8B3-BAB3-42F4-B86F-841E06FAF240}.2k13Release|x64.ActiveCfg = Release|x64
		{070FA8B3-BAB3-42F4-B86F-841E06FAF240}.2k13Release|x64.Build.0 = Release|x64
		{070FA8B3-BAB3-42F4-B86F-841E06FAF240}.2k16Debug|Win32.ActiveCfg = Debug|Win32
		{070FA8B3-BAB3-42F4-B86F-841E06FAF240}.2k16Debug|Win32.Build.0 = Debug|Win32
		{070FA8B3-BAB3-42F4-B86F-841E06FAF240}.2k16Debug|x64.ActiveCfg = Debug|x64
		{070FA8B3-BAB3-42F4-B86F-841E06FAF240}.2k16Debug|x64.Build.0 = Debug|x64
		{070FA8B3-BAB3-42F4-B86F-841E06FAF240}.2k16Release|Win32.ActiveCfg = Release|Win32
		{070FA8B3-BAB3-42F4-B86F-841E06FAF240}.2k16Release|Win32.Build.0 = Release|Win32
		{070FA8B3-BAB3-42F4-B86F-841E06FAF240}.2k16Release|x64.ActiveCfg = Release|x64
		{070FA8B3-BAB3-42F4-B86F-841E06FAF240}.2k16Release|x64.Build.0 = Release|x64
		{070FA8B3-BAB3-42F4-B86F-841E06FAF240}.2K3Debug|Win32.ActiveCfg = Debug|Win32
		{070FA8B3-BAB3-42F4-B86F-841E06FAF240}.2K3Debug|Win32.Build.0 = Debug|Win32
		{070FA8B3-BAB3-42F4-B86F-841E06FAF240}.2K3Debug|x64.ActiveCfg = Debug|x64
		{070FA8B3-BAB3-42F4-B86F-841E06FAF240}.2K3Debug|x64.Build.0 = Debug|x64
		{070FA8B3-BAB3-42F4-B86F-841E06FAF240}.2K3Release|Win32.ActiveCfg = Release|Win32
		{070FA8B3-BAB3-42F4-B86F-841E06FAF240}.2K3Release|Win32.Build.0 = Release|Win32
		{070FA8B3-BAB3-42F4-B86F-841E06FAF240}.2K3Release|x64.ActiveCfg = Release|x64
		{070FA8B3-BAB3-42F4-B86F-841E06FAF240}.2K3Release|x64.Build.0 = Release|x64
		{070FA8B3-BAB3-42F4-B86F-841E06FAF240}.2K7Debug|Win32.ActiveCfg = Debug|Win32
		{070FA8B3-BAB3-42F4-B86F-841E06FAF240}.2K7Debug|Win32.Build.0 = Debug|Win32
		{070FA8B3-BAB3-42F4-B86F-841E06FAF240}.2K7Debug|x64.ActiveCfg = Debug|x64
		{070FA8B3-BAB3-42F4-B86F-841E06FAF240}.2K7Debug|x64.Build.0 = Debug|x64
		{070FA8B3-BAB3-42F4-B86F-841E06FAF240}.2K7Release|Win32.ActiveCfg = Release|Win32
		{070FA8B3-BAB3-42F4-B86F-841E06FAF240}.2K7Release|Win32.Build.0 = Release|Win32
		{070FA8B3-BAB3-42F4-B86F-841E06FAF240}.2K7Release|x64.ActiveCfg = Release|x64
		{070FA8B3-BAB3-42F4-B86F-841E06FAF240}.2K7Release|x64.Build.0 = Release|x64
		{070FA8B3-BAB3-42F4-B86F-841E06FAF240}.Debug|Win32.ActiveCfg = Debug|Win32
		{070FA8B3-BAB3-42F4-B86F-841E06FAF240}.Debug|Win32.Build.0 = Debug|Win32
		{070FA8B3-BAB3-42F4-B86F-841E06FAF240}.Debug|x64.ActiveCfg = Debug|x64
		{070FA8B3-BAB3-42F4-B86F-841E06FAF240}.Debug|x64.Build.0 = Debug|x64
		{070FA8B3-BAB3-42F4-B86F-841E06FAF240}.Release|Win32.ActiveCfg = Release|Win32
		{070FA8B3-BAB3-42F4-B86F-841E06FAF240}.Release|Win32.Build.0 = Release|Win32
		{070FA8B3-BAB3-42F4-B86F-841E06FAF240}.Release|x64.ActiveCfg = Release|x64
		{070FA8B3-BAB3-42F4-B86F-841E06FAF240}.Release|x64.Build.0 = Release|x64
		{15B3993E-EBB1-4572-8AC5-97F5EE356111}.2k10Debug|Win32.ActiveCfg = Debug|Win32
		{15B3993E-EBB1-4572-8AC5-97F5EE356111}.2k10Debug|Win32.Build.0 = Debug|Win32
		{15B3993E-EBB1-4572-8AC5-97F5EE356111}.2k10Debug|x64.ActiveCfg = Debug|x64
		{15B3993E-EBB1-4572-8AC5-97F5EE356111}.2k10Debug|x64.Build.0 = Debug|x64
		{15B3993E-EBB1-4572-8AC5-97F5EE356111}.2k10Release|Win32.ActiveCfg = Release|Win32
		{15B3993E-EBB1-4572-8AC5-97F5EE356111}.2k10Release|Win32.Build.0 = Release|Win32
		{15B3993E-EBB1-4572-8AC5-97F5EE356111}.2k10Release|x64.ActiveCfg = Release|x64
		{15B3993E-EBB1-4572-8AC5-97F5EE356111}.2k10Release|x64.Build.0 = Release|x64
		{15B3993E-EBB1-4572-8AC5-97F5EE356111}.2k13Debug|Win32.ActiveCfg = Debug|Win32
		{15B3993E-EBB1-4572-8AC5-97F5EE356111}.2k13Debug|Win32.Build.0 = Debug|Win32
		{15B3993E-EBB1-4572-8AC5-97F5EE356111}.2k13Debug|x64.ActiveCfg = Debug|x64
		{15B3993E-EBB1-4572-8AC5-97F5EE356111}.2k13Debug|x64.Build.0 = Debug|x64
		{15B3993E-EBB1-4572-8AC5-97F5EE356111}.2k13Release|Win32.ActiveCfg = Release|Win32
		{15B3993E-EBB1-4572-8AC5-97F5EE356111}.2k13Release|Win32.Build.0 = Release|Win32
		{15B3993E-EBB1-4572-8AC5-97F5EE356111}.2k13Release|x64.ActiveCfg = Release|x64
		{15B3993E-EBB1-4572-8AC5-97F5EE356111}.2k13Release|x64.Build.0 = Release|x64
		{15B3993E-EBB1-4572-8AC5-97F5EE356111}.2k16Debug|Win32.ActiveCfg = Debug|Win32
		{15B3993E-EBB1-4572-8AC5-97F5EE356111}.2k16Debug|Win32.Build.0 = Debug|Win32
		{15B3993E-EBB1-4572-8AC5-97F5EE356111}.2k16Debug|x64.ActiveCfg = Debug|x64
		{15B3993E-EBB1-4572-8AC5-97F5EE356111}.2k16Debug|x64.Build.0 = Debug|x64
		{15B3993E-EBB1-4572-8AC5-97F5EE356111}.2k16Release|Win32.ActiveCfg = Release|Win32
		{15B3993E-EBB1-4572-8AC5-97F5EE356111}.2k16Release|Win32.Build.0 = Release|Win32
		{15B3993E-EBB1-4572-8AC5-97F5EE356111}.2k16Release|x64.ActiveCfg = Release|x64
		{15B3993E-EBB1-4572-8AC5-97F5EE356111}.2k16Release|x64.Build.0 = Release|x64
		{15B3993E-EBB1-4572-8AC5-97F5EE356111}.2K3Debug|Win32.ActiveCfg = Debug|Win32
		{15B3993E-EBB1-4572-8AC5-97F5EE356111}.2K3Debug|Win32.Build.0 = Debug|Win32
		{15B3993E-EBB1-4572-8AC5-97F5EE356111}.2K3Debug|x64.ActiveCfg = Debug|x64
		{15B3993E-EBB1-4572-8AC5-97F5EE356111}.2K3Debug|x64.Build.0 = Debug|x64
		{15B3993E-EBB1-4572-8AC5-97F5EE356111}.2K3Release|Win32.ActiveCfg = Release|Win32
		{15B3993E-EBB1-4572-8AC5-97F5EE356111}.2K3Release|Win32.Build.0 = Release|Win32
		{15B3993E-EBB1-4572-8AC5-97F5EE356111}.2K3Release|x64.ActiveCfg = Release|x64
		{15B3993E-EBB1-4572-8AC5-97F5EE356111}.2K3Release|x64.Build.0 = Release|x64
		{15B3993E-EBB1-4572-8AC5-97F5EE356111}.2K7Debug|Win32.ActiveCfg = Debug|Win32
		{15B3993E-EBB1-4572-8AC5-97F5EE356111}.2K7Debug|Win32.Build.0 = Debug|Win32
		{15B3993E-EBB1-4572-8AC5-97F5EE356111}.2K7Debug|x64.ActiveCfg = Debug|x64
		{15B3993E-EBB1-4572-8AC5-97F5EE356111}.2K7Debug|x64.Build.0 = Debug|x64
		{15B3993E-EBB1-4572-8AC5-97F5EE356111}.2K7Release|Win32.ActiveCfg = Release|Win32
		{15B3993E-EBB1-4572-8AC5-97F5EE356111}.2K7Release|Win32.Build.0 = Release|Win32
		{15B3993E-EBB1-4572-8AC5-97F5EE356111}.2K7Release|x64.ActiveCfg = Release|x64
		{15B3993E-EBB1-4572-8AC5-97F5EE356111}.2K7Release|x64.Build.0 = Release|x64
		{15B3993E-EBB1-4572-8AC5-97F5EE356111}.Debug|Win32.ActiveCfg = Debug|Win32
		{15B3993E-EBB1-4572-8AC5-97F5EE356111}.Debug|Win32.Build.0 = Debug|Win32
		{15B3993E-EBB1-4572-8AC5-97F5EE356111}.Debug|x64.ActiveCfg = Debug|x64
		{15B3993E-EBB1-4572-8AC5-97F5EE356111}.Debug|x64.Build.0 = Debug|x64
		{15B3993E-EBB1-4572-8AC5-97F5EE356111}.Release|Win32.ActiveCfg = Release|Win32
		{15B3993E-EBB1-4572-8AC5-97F5EE356111}.Release|Win32.Build.0 = Release|Win32
		{15B3993E-EBB1-4572-8AC5-97F5EE356111}.Release|x64.ActiveCfg = Release|x64
		{15B3993E-EBB1-4572-8AC5-97F5EE356111}.Release|x64.Build.0 = Release|x64
		{2004983F-8FF4-424C-A338-A55FFA2A6BCE}.2k10Debug|Win32.ActiveCfg = Debug|Win32
		{2004983F-8FF4-424C-A338-A55FFA2A6BCE}.2k10Debug|Win32.Build.0 = Debug|Win32
		{2004983F-8FF4-424C-A338-A55FFA2A6BCE}.2k10Debug|x64.ActiveCfg = Debug|x64
		{2004983F-8FF4-424C-A338-A55FFA2A6BCE}.2k10Debug|x64.Build.0 = Debug|x64
		{2004983F-8FF4-424C-A338-A55FFA2A6BCE}.2k10Release|Win32.ActiveCfg = Release|Win32
		{2004983F-8FF4-424C-A338-A55FFA2A6BCE}.2k10Release|Win32.Build.0 = Release|Win32
		{2004983F-8FF4-424C-A338-A55FFA2A6BCE}.2k10Release|x64.ActiveCfg = Release|x64
		{2004983F-8FF4-424C-A338-A55FFA2A6BCE}.2k10Release|x64.Build.0 = Release|x64
		{2004983F-8FF4-424C-A338-A55FFA2A6BCE}.2k13Debug|Win32.ActiveCfg = Debug|Win32
		{2004983F-8FF4-424C-A338-A55FFA2A6BCE}.2k13Debug|Win32.Build.0 = Debug|Win32
		{2004983F-8FF4-424C-A338-A55FFA2A6BCE}.2k13Debug|x64.ActiveCfg = Debug|x64
		{2004983F-8FF4-424C-A338-A55FFA2A6BCE}.2k13Debug|x64.Build.0 = Debug|x64
		{2004983F-8FF4-424C-A338-A55FFA2A6BCE}.2k13Release|Win32.ActiveCfg = Release|Win32
		{2004983F-8FF4-424C-A338-A55FFA2A6BCE}.2k13Release|Win32.Build.0 = Release|Win32
		{2004983F-8FF4-424C-A338-A55FFA2A6BCE}.2k13Release|x64.ActiveCfg = Release|x64
		{2004983F-8FF4-424C-A338-A55FFA2A6BCE}.2k13Release|x64.Build.0 = Release|x64
		{2004983F-8FF4-424C-A338-A55FFA2A6BCE}.2k16Debug|Win32.ActiveCfg = Debug|Win32
		{2004983F-8FF4-424C-A338-A55FFA2A6BCE}.2k16Debug|Win32.Build.0 = Debug|Win32
		{2004983F-8FF4-424C-A338-A55FFA2A6BCE}.2k16Debug|x64.ActiveCfg = Debug|x64
		{2004983F-8FF4-424C-A338-A55FFA2A6BCE}.2k16Debug|x64.Build.0 = Debug|x64
		{2004983F-8FF4-424C-A338-A55FFA2A6BCE}.2k16Release|Win32.ActiveCfg = Release|Win32
		{2004983F-8FF4-424C-A338-A55FFA2A6BCE}.2k16Release|Win32.Build.0 = Release|Win32
		{2004983F-8FF4-424C-A338-A55FFA2A6BCE}.2k16Release|x64.ActiveCfg = Release|x64
		{2004983F-8FF4-424C-A338-A55FFA2A6BCE}.2k16Release|x64.Build.0 = Release|x64
		{2004983F-8FF4-424C-A338-A55FFA2A6BCE}.2K3Debug|Win32.ActiveCfg = Debug|Win32
		{2004983F-8FF4-424C-A338-A55FFA2A6BCE}.2K3Debug|Win32.Build.0 = Debug|Win32
		{2004983F-8FF4-424C-A338-A55FFA2A6BCE}.2K3Debug|x64.ActiveCfg = Debug|x64
		{2004983F-8FF4-424C-A338-A55FFA2A6BCE}.2K3Debug|x64.Build.0 = Debug|x64
		{2004983F-8FF4-424C-A338-A55FFA2A6BCE}.2K3Release|Win32.ActiveCfg = Release|Win32
		{2004983F-8FF4-424C-A338-A55FFA2A6BCE}.2K3Release|Win32.Build.0 = Release|Win32
		{2004983F-8FF4-424C-A338-A55FFA2A6BCE}.2K3Release|x64.ActiveCfg = Release|x64
		{2004983F-8FF4-424C-A338-A55FFA2A6BCE}.2K3Release|x64.Build.0 = Release|x64
		{2004983F-8FF4-424C-A338-A55FFA2A6BCE}.2K7Debug|Win32.ActiveCfg = Debug|Win32
		{2004983F-8FF4-424C-A338-A55FFA2A6BCE}.2K7Debug|Win32.Build.0 = Debug|Win32
		{2004983F-8FF4-424C-A338-A55FFA2A6BCE}.2K7Debug|x64.ActiveCfg = Debug|x64
		{2004983F-8FF4-424C-A338-A55FFA2A6BCE}.2K7Debug|x64.Build.0 = Debug|x64
		{2004983F-8FF4-424C-A338-A55FFA2A6BCE}.2K7Release|Win32.ActiveCfg = Release|Win32
		{2004983F-8FF4-424C-A338-A55FFA2A6BCE}.2K7Release|Win32.Build.0 = Release|Win32
		{2004983F-8FF4-424C-A338-A55FFA2A6BCE}.2K7Release|x64.ActiveCfg = Release|x64
		{2004983F-8FF4-424C-A338-A55FFA2A6BCE}.2K7Release|x64.Build.0 = Release|x64
		{2004983F-8FF4-424C-A338-A55FFA2A6BCE}.Debug|Win32.ActiveCfg = Debug|Win32
		{2004983F-8FF4-424C-A338-A55FFA2A6BCE}.Debug|Win32.Build.0 = Debug|Win32
		{2004983F-8FF4-424C-A338-A55FFA2A6BCE}.Debug|x64.ActiveCfg = Debug|x64
		{2004983F-8FF4-424C-A338-A55FFA2A6BCE}.Debug|x64.Build.0 = Debug|x64
		{2004983F-8FF4-424C-A338-A55FFA2A6BCE}.Release|Win32.ActiveCfg = Release|Win32
		{2004983F-8FF4-424C-A338-A55FFA2A6BCE}.Release|Win32.Build.0 = Release|Win32
		{2004983F-8FF4-424C-A338-A55FFA2A6BCE}.Release|x64.ActiveCfg = Release|x64
		{2004983F-8FF4-424C-A338-A55FFA2A6BCE}.Release|x64.Build.0 = Release|x64
		{AE48EED1-E6EF-4642-B685-189A25ABCA8F}.2k10Debug|Win32.ActiveCfg = Debug|Win32
		{AE48EED1-E6EF-4642-B685-189A25ABCA8F}.2k10Debug|Win32.Build.0 = Debug|Win32
		{AE48EED1-E6EF-4642-B685-189A25ABCA8F}.2k10Debug|x64.ActiveCfg = Debug|x64
		{AE48EED1-E6EF-4642-B685-189A25ABCA8F}.2k10Debug|x64.Build.0 = Debug|x64
		{AE48EED1-E6EF-4642-B685-189A25ABCA8F}.2k10Release|Win32.ActiveCfg = Release|Win32
		{AE48EED1-E6EF-4642-B685-189A25ABCA8F}.2k10Release|Win32.Build.0 = Release|Win32
		{AE48EED1-E6EF-4642-B685-189A25ABCA8F}.2k10Release|x64.ActiveCfg = Release|x64
		{AE48EED1-E6EF-4642-B685-189A25ABCA8F}.2k10Release|x64.Build.0 = Release|x64
		{AE48EED1-E6EF-4642-B685-189A25ABCA8F}.2k13Debug|Win32.ActiveCfg = Debug|Win32
		{AE48EED1-E6EF-4642-B685-189A25ABCA8F}.2k13Debug|Win32.Build.0 = Debug|Win32
		{AE48EED1-E6EF-4642-B685-189A25ABCA8F}.2k13Debug|x64.ActiveCfg = Debug|x64
		{AE48EED1-E6EF-4642-B685-189A25ABCA8F}.2k13Debug|x64.Build.0 = Debug|x64
		{AE48EED1-E6EF-4642-B685-189A25ABCA8F}.2k13Release|Win32.ActiveCfg = Release|Win32
		{AE48EED1-E6EF-4642-B685-189A25ABCA8F}.2k13Release|Win32.Build.0 = Release|Win32
		{AE48EED1-E6EF-4642-B685-189A25ABCA8F}.2k13Release|x64.ActiveCfg = Release|x64
		{AE48EED1-E6EF-4642-B685-189A25ABCA8F}.2k13Release|x64.Build.0 = Release|x64
		{AE48EED1-E6EF-4642-B685-189A25ABCA8F}.2k16Debug|Win32.ActiveCfg = Debug|Win32
		{AE48EED1-E6EF-4642-B685-189A25ABCA8F}.2k16Debug|Win32.Build.0 = Debug|Win32
		{AE48EED1-E6EF-4642-B685-189A25ABCA8F}.2k16Debug|x64.ActiveCfg = Debug|x64
		{AE48EED1-E6EF-4642-B685-189A25ABCA8F}.2k16Debug|x64.Build.0 = Debug|x64
		{AE48EED1-E6EF-4642-B685-189A25ABCA8F}.2k16Release|Win32.ActiveCfg = Release|Win32
		{AE48EED1-E6EF-4642-B685-189A25ABCA8F}.2k16Release|Win32.Build.0 = Release|Win32
		{AE48EED1-E6EF-4642-B685-189A25ABCA8F}.2k16Release|x64.ActiveCfg = Release|x64
		{AE48EED1-E6EF-4642-B685-189A25ABCA8F}.2k16Release|x64.Build.0 = Release|x64
		{AE48EED1-E6EF-4642-B685-189A25ABCA8F}.2K3Debug|Win32.ActiveCfg = Debug|Win32
		{AE48EED1-E6EF-4642-B685-189A25ABCA8F}.2K3Debug|Win32.Build.0 = Debug|Win32
		{AE48EED1-E6EF-4642-B685-189A25ABCA8F}.2K3Debug|x64.ActiveCfg = Debug|x64
		{AE48EED1-E6EF-4642-B685-189A25ABCA8F}.2K3Debug|x64.Build.0 = Debug|x64
		{AE48EED1-E6EF-4642-B685-189A25ABCA8F}.2K3Release|Win32.ActiveCfg = Release|Win32
		{AE48EED1-E6EF-4642-B685-189A25ABCA8F}.2K3Release|Win32.Build.0 = Release|Win32
		{AE48EED1-E6EF-4642-B685-189A25ABCA8F}.2K3Release|x64.ActiveCfg = Release|x64
		{AE48EED1-E6EF-4642-B685-189A25ABCA8F}.2K3Release|x64.Build.0 = Release|x64
		{AE48EED1-E6EF-4642-B685-189A25ABCA8F}.2K7Debug|Win32.ActiveCfg = Debug|Win32
		{AE48EED1-E6EF-4642-B685-189A25ABCA8F}.2K7Debug|Win32.Build.0 = Debug|Win32
		{AE48EED1-E6EF-4642-B685-189A25ABCA8F}.2K7Debug|x64.ActiveCfg = Debug|x64
		{AE48EED1-E6EF-4642-B685-189A25ABCA8F}.2K7Debug|x64.Build.0 = Debug|x64
		{AE48EED1-E6EF-4642-B685-189A25ABCA8F}.2K7Release|Win32.ActiveCfg = Release|Win32
		{AE48EED1-E6EF-4642-B685-189A25ABCA8F}.2K7Release|Win32.Build.0 = Release|Win32
		{AE48EED1-E6EF-4642-B685-189A25ABCA8F}.2K7Release|x64.ActiveCfg = Release|x64
		{AE48EED1-E6EF-4642-B685-189A25ABCA8F}.2K7Release|x64.Build.0 = Release|x64
		{AE48EED1-E6EF-4642-B685-189A25ABCA8F}.Debug|Win32.ActiveCfg = Debug|Win32
		{AE48EED1-E6EF-4642-B685-189A25ABCA8F}.Debug|Win32.Build.0 = Debug|Win32
		{AE48EED1-E6EF-4642-B685-189A25ABCA8F}.Debug|x64.ActiveCfg = Debug|x64
		{AE48EED1-E6EF-4642-B685-189A25ABCA8F}.Debug|x64.Build.0 = Debug|x64
		{AE48EED1-E6EF-4642-B685-189A25ABCA8F}.Release|Win32.ActiveCfg = Release|Win32
		{AE48EED1-E6EF-4642-B685-189A25ABCA8F}.Release|Win32.Build.0 = Release|Win32
		{AE48EED1-E6EF-4642-B685-189A25ABCA8F}.Release|x64.ActiveCfg = Release|x64
		{AE48EED1-E6EF-4642-B685-189A25ABCA8F}.Release|x64.Build.0 = Release|x64
	EndGlobalSection
	GlobalSection(SolutionProperties) = preSolution
		HideSolutionNode = FALSE
	EndGlobalSection
EndGlobal
