
Microsoft Visual Studio Solution File, Format Version 10.00
# Visual Studio 2008
Project("{8BC9CEB8-8B4A-11D0-8D11-00A0C91BC942}") = "CE_Explorer", "CE_Explorer.vcproj", "{4F9E01FE-FC59-4D8A-9483-17EE3D5DE5E4}"
EndProject
Global
	GlobalSection(SolutionConfigurationPlatforms) = preSolution
		Debug|Win32 = Debug|Win32
		Release|Win32 = Release|Win32
	EndGlobalSection
	GlobalSection(ProjectConfigurationPlatforms) = postSolution
		{4F9E01FE-FC59-4D8A-9483-17EE3D5DE5E4}.Debug|Win32.ActiveCfg = debug|Win32
		{4F9E01FE-FC59-4D8A-9483-17EE3D5DE5E4}.Debug|Win32.Build.0 = debug|Win32
		{4F9E01FE-FC59-4D8A-9483-17EE3D5DE5E4}.Release|Win32.ActiveCfg = debug|Win32
		{4F9E01FE-FC59-4D8A-9483-17EE3D5DE5E4}.Release|Win32.Build.0 = debug|Win32
	EndGlobalSection
	GlobalSection(SolutionProperties) = preSolution
		HideSolutionNode = FALSE
	EndGlobalSection
EndGlobal
